// !$*UTF8*$!
{
	archiveVersion = 1;
	classes = {
	};
	objectVersion = 60;
	objects = {

/* Begin PBXBuildFile section */
		B10000000000000000000011 /* MontyApp.swift in Sources */ = {isa = PBXBuildFile; fileRef = B10000000000000000000021 /* MontyApp.swift */; };
		B10000000000000000000014 /* MontyCore in Frameworks */ = {isa = PBXBuildFile; productRef = B10000000000000000000071 /* MontyCore */; };
		B10000000000000000000015 /* MontyAppUI in Frameworks */ = {isa = PBXBuildFile; productRef = B10000000000000000000072 /* MontyAppUI */; };
		B20000000000000000000011 /* MontyCatalogTests.swift in Sources */ = {isa = PBXBuildFile; fileRef = B20000000000000000000021 /* MontyCatalogTests.swift */; };
		B20000000000000000000012 /* MontyCore in Frameworks */ = {isa = PBXBuildFile; productRef = B10000000000000000000071 /* MontyCore */; };
		B30000000000000000000011 /* MontyTestApp.swift in Sources */ = {isa = PBXBuildFile; fileRef = B30000000000000000000021 /* MontyTestApp.swift */; };
		B30000000000000000000012 /* MontyCore in Frameworks */ = {isa = PBXBuildFile; productRef = B10000000000000000000071 /* MontyCore */; };
/* End PBXBuildFile section */

/* Begin PBXFileReference section */
		B10000000000000000000021 /* MontyApp.swift */ = {isa = PBXFileReference; lastKnownFileType = sourcecode.swift; path = Sources/MontyAppHost/MontyApp.swift; sourceTree = SOURCE_ROOT; };
		B10000000000000000000022 /* MontyCampaignView.swift */ = {isa = PBXFileReference; lastKnownFileType = sourcecode.swift; path = Sources/MontyApp/MontyCampaignView.swift; sourceTree = SOURCE_ROOT; };
		B10000000000000000000023 /* MontyAppPalette.swift */ = {isa = PBXFileReference; lastKnownFileType = sourcecode.swift; path = Sources/MontyApp/MontyAppPalette.swift; sourceTree = SOURCE_ROOT; };
		B10000000000000000000024 /* Monty.app */ = {isa = PBXFileReference; explicitFileType = wrapper.application; includeInIndex = 0; path = Monty.app; sourceTree = BUILT_PRODUCTS_DIR; };
		B20000000000000000000021 /* MontyCatalogTests.swift */ = {isa = PBXFileReference; lastKnownFileType = sourcecode.swift; path = Tests/MontyTests/MontyCatalogTests.swift; sourceTree = SOURCE_ROOT; };
		B20000000000000000000024 /* MontyTests.xctest */ = {isa = PBXFileReference; explicitFileType = wrapper.cfbundle; includeInIndex = 0; path = MontyTests.xctest; sourceTree = BUILT_PRODUCTS_DIR; };
		B30000000000000000000021 /* MontyTestApp.swift */ = {isa = PBXFileReference; lastKnownFileType = sourcecode.swift; path = Sources/MontyTest/MontyTestApp.swift; sourceTree = SOURCE_ROOT; };
		B30000000000000000000024 /* MontyTest.app */ = {isa = PBXFileReference; explicitFileType = wrapper.application; includeInIndex = 0; path = MontyTest.app; sourceTree = BUILT_PRODUCTS_DIR; };
/* End PBXFileReference section */

/* Begin PBXFrameworksBuildPhase section */
		B10000000000000000000031 /* Frameworks */ = {
			isa = PBXFrameworksBuildPhase;
			buildActionMask = 2147483647;
			files = (
				B10000000000000000000014 /* MontyCore in Frameworks */,
				B10000000000000000000015 /* MontyAppUI in Frameworks */,
			);
			runOnlyForDeploymentPostprocessing = 0;
		};
		B20000000000000000000031 /* Frameworks */ = {
			isa = PBXFrameworksBuildPhase;
			buildActionMask = 2147483647;
			files = (
				B20000000000000000000012 /* MontyCore in Frameworks */,
			);
			runOnlyForDeploymentPostprocessing = 0;
		};
		B30000000000000000000031 /* Frameworks */ = {
			isa = PBXFrameworksBuildPhase;
			buildActionMask = 2147483647;
			files = (
				B30000000000000000000012 /* MontyCore in Frameworks */,
			);
			runOnlyForDeploymentPostprocessing = 0;
		};
/* End PBXFrameworksBuildPhase section */

/* Begin PBXGroup section */
		B10000000000000000000041 = {
			isa = PBXGroup;
			children = (
				B10000000000000000000042 /* App Host */,
				B10000000000000000000043 /* App UI Sources */,
				B30000000000000000000042 /* MontyTest Sources */,
				B20000000000000000000042 /* Tests */,
				B10000000000000000000044 /* Products */,
			);
			sourceTree = "<group>";
		};
		B10000000000000000000042 /* App Host */ = {
			isa = PBXGroup;
			children = (
				B10000000000000000000021 /* MontyApp.swift */,
			);
			name = "App Host";
			sourceTree = "<group>";
		};
		B10000000000000000000043 /* App UI Sources */ = {
			isa = PBXGroup;
			children = (
				B10000000000000000000022 /* MontyCampaignView.swift */,
				B10000000000000000000023 /* MontyAppPalette.swift */,
			);
			name = "App UI Sources";
			sourceTree = "<group>";
		};
		B10000000000000000000044 /* Products */ = {
			isa = PBXGroup;
			children = (
				B10000000000000000000024 /* Monty.app */,
				B30000000000000000000024 /* MontyTest.app */,
				B20000000000000000000024 /* MontyTests.xctest */,
			);
			name = Products;
			sourceTree = "<group>";
		};
		B20000000000000000000042 /* Tests */ = {
			isa = PBXGroup;
			children = (
				B20000000000000000000021 /* MontyCatalogTests.swift */,
			);
			name = Tests;
			sourceTree = "<group>";
		};
		B30000000000000000000042 /* MontyTest Sources */ = {
			isa = PBXGroup;
			children = (
				B30000000000000000000021 /* MontyTestApp.swift */,
			);
			name = "MontyTest Sources";
			sourceTree = "<group>";
		};
/* End PBXGroup section */

/* Begin PBXNativeTarget section */
		B10000000000000000000001 /* Monty */ = {
			isa = PBXNativeTarget;
			buildConfigurationList = B10000000000000000000081 /* Build configuration list for PBXNativeTarget "Monty" */;
			buildPhases = (
				B10000000000000000000032 /* Sources */,
				B10000000000000000000031 /* Frameworks */,
				B10000000000000000000033 /* Resources */,
			);
			buildRules = (
			);
			dependencies = (
			);
			name = Monty;
			packageProductDependencies = (
				B10000000000000000000071 /* MontyCore */,
				B10000000000000000000072 /* MontyAppUI */,
			);
			productName = Monty;
			productReference = B10000000000000000000024 /* Monty.app */;
			productType = "com.apple.product-type.application";
		};
		B20000000000000000000001 /* MontyTests */ = {
			isa = PBXNativeTarget;
			buildConfigurationList = B20000000000000000000081 /* Build configuration list for PBXNativeTarget "MontyTests" */;
			buildPhases = (
				B20000000000000000000032 /* Sources */,
				B20000000000000000000031 /* Frameworks */,
				B20000000000000000000033 /* Resources */,
			);
			buildRules = (
			);
			dependencies = (
			);
			name = MontyTests;
			packageProductDependencies = (
				B10000000000000000000071 /* MontyCore */,
			);
			productName = MontyTests;
			productReference = B20000000000000000000024 /* MontyTests.xctest */;
			productType = "com.apple.product-type.bundle.unit-test";
		};
		B30000000000000000000001 /* MontyTest */ = {
			isa = PBXNativeTarget;
			buildConfigurationList = B30000000000000000000081 /* Build configuration list for PBXNativeTarget "MontyTest" */;
			buildPhases = (
				B30000000000000000000032 /* Sources */,
				B30000000000000000000031 /* Frameworks */,
				B30000000000000000000033 /* Resources */,
			);
			buildRules = (
			);
			dependencies = (
			);
			name = MontyTest;
			packageProductDependencies = (
				B10000000000000000000071 /* MontyCore */,
			);
			productName = MontyTest;
			productReference = B30000000000000000000024 /* MontyTest.app */;
			productType = "com.apple.product-type.application";
		};
/* End PBXNativeTarget section */

/* Begin PBXProject section */
		B10000000000000000000002 /* Project object */ = {
			isa = PBXProject;
			attributes = {
				BuildIndependentTargetsInParallel = 1;
				LastSwiftUpdateCheck = 1600;
				LastUpgradeCheck = 1600;
				TargetAttributes = {
					B10000000000000000000001 = {
						CreatedOnToolsVersion = 16.0;
					};
					B20000000000000000000001 = {
						CreatedOnToolsVersion = 16.0;
					};
					B30000000000000000000001 = {
						CreatedOnToolsVersion = 16.0;
					};
				};
			};
			buildConfigurationList = B10000000000000000000080 /* Build configuration list for PBXProject "Monty" */;
			compatibilityVersion = "Xcode 15.0";
			developmentRegion = en;
			hasScannedForEncodings = 0;
			knownRegions = (
				en,
				Base,
			);
			mainGroup = B10000000000000000000041;
			packageReferences = (
				B10000000000000000000070 /* XCLocalSwiftPackageReference "." */,
			);
			productRefGroup = B10000000000000000000044 /* Products */;
			projectDirPath = "";
			projectRoot = "";
			targets = (
				B10000000000000000000001 /* Monty */,
				B30000000000000000000001 /* MontyTest */,
				B20000000000000000000001 /* MontyTests */,
			);
		};
/* End PBXProject section */

/* Begin PBXResourcesBuildPhase section */
		B10000000000000000000033 /* Resources */ = {
			isa = PBXResourcesBuildPhase;
			buildActionMask = 2147483647;
			files = (
			);
			runOnlyForDeploymentPostprocessing = 0;
		};
		B20000000000000000000033 /* Resources */ = {
			isa = PBXResourcesBuildPhase;
			buildActionMask = 2147483647;
			files = (
			);
			runOnlyForDeploymentPostprocessing = 0;
		};
		B30000000000000000000033 /* Resources */ = {
			isa = PBXResourcesBuildPhase;
			buildActionMask = 2147483647;
			files = (
			);
			runOnlyForDeploymentPostprocessing = 0;
		};
/* End PBXResourcesBuildPhase section */

/* Begin PBXSourcesBuildPhase section */
		B10000000000000000000032 /* Sources */ = {
			isa = PBXSourcesBuildPhase;
			buildActionMask = 2147483647;
			files = (
				B10000000000000000000011 /* MontyApp.swift in Sources */,
			);
			runOnlyForDeploymentPostprocessing = 0;
		};
		B20000000000000000000032 /* Sources */ = {
			isa = PBXSourcesBuildPhase;
			buildActionMask = 2147483647;
			files = (
				B20000000000000000000011 /* MontyCatalogTests.swift in Sources */,
			);
			runOnlyForDeploymentPostprocessing = 0;
		};
		B30000000000000000000032 /* Sources */ = {
			isa = PBXSourcesBuildPhase;
			buildActionMask = 2147483647;
			files = (
				B30000000000000000000011 /* MontyTestApp.swift in Sources */,
			);
			runOnlyForDeploymentPostprocessing = 0;
		};
/* End PBXSourcesBuildPhase section */

/* Begin XCBuildConfiguration section */
		B10000000000000000000082 /* Debug */ = {
			isa = XCBuildConfiguration;
			buildSettings = {
				ALWAYS_SEARCH_USER_PATHS = NO;
				CLANG_ANALYZER_NONNULL = YES;
				CLANG_ANALYZER_NUMBER_OBJECT_CONVERSION = YES_AGGRESSIVE;
				CLANG_CXX_LANGUAGE_STANDARD = "gnu++20";
				CLANG_ENABLE_MODULES = YES;
				CLANG_ENABLE_OBJC_ARC = YES;
				CLANG_ENABLE_OBJC_WEAK = YES;
				CLANG_WARN_BLOCK_CAPTURE_AUTORELEASING = YES;
				CLANG_WARN_BOOL_CONVERSION = YES;
				CLANG_WARN_COMMA = YES;
				CLANG_WARN_CONSTANT_CONVERSION = YES;
				CLANG_WARN_DEPRECATED_OBJC_IMPLEMENTATIONS = YES;
				CLANG_WARN_DIRECT_OBJC_ISA_USAGE = YES_ERROR;
				CLANG_WARN_DOCUMENTATION_COMMENTS = YES;
				CLANG_WARN_EMPTY_BODY = YES;
				CLANG_WARN_ENUM_CONVERSION = YES;
				CLANG_WARN_INFINITE_RECURSION = YES;
				CLANG_WARN_INT_CONVERSION = YES;
				CLANG_WARN_NON_LITERAL_NULL_CONVERSION = YES;
				CLANG_WARN_OBJC_IMPLICIT_RETAIN_SELF = YES;
				CLANG_WARN_OBJC_LITERAL_CONVERSION = YES;
				CLANG_WARN_OBJC_ROOT_CLASS = YES_ERROR;
				CLANG_WARN_QUOTED_INCLUDE_IN_FRAMEWORK_HEADER = YES;
				CLANG_WARN_RANGE_LOOP_ANALYSIS = YES;
				CLANG_WARN_STRICT_PROTOTYPES = YES;
				CLANG_WARN_SUSPICIOUS_MOVE = YES;
				CLANG_WARN_UNGUARDED_AVAILABILITY = YES_AGGRESSIVE;
				CLANG_WARN_UNREACHABLE_CODE = YES;
				CLANG_WARN__DUPLICATE_METHOD_MATCH = YES;
				COPY_PHASE_STRIP = NO;
				DEBUG_INFORMATION_FORMAT = dwarf;
				ENABLE_STRICT_OBJC_MSGSEND = YES;
				ENABLE_TESTABILITY = YES;
				GCC_C_LANGUAGE_STANDARD = gnu17;
				GCC_DYNAMIC_NO_PIC = NO;
				GCC_NO_COMMON_BLOCKS = YES;
				GCC_OPTIMIZATION_LEVEL = 0;
				GCC_PREPROCESSOR_DEFINITIONS = (
					"DEBUG=1",
					"$(inherited)",
				);
				GCC_WARN_64_TO_32_BIT_CONVERSION = YES;
				GCC_WARN_ABOUT_RETURN_TYPE = YES_ERROR;
				GCC_WARN_UNDECLARED_SELECTOR = YES;
				GCC_WARN_UNINITIALIZED_AUTOS = YES_AGGRESSIVE;
				GCC_WARN_UNUSED_FUNCTION = YES;
				GCC_WARN_UNUSED_VARIABLE = YES;
				MACOSX_DEPLOYMENT_TARGET = 14.0;
				MTL_ENABLE_DEBUG_INFO = INCLUDE_SOURCE;
				MTL_FAST_MATH = YES;
				ONLY_ACTIVE_ARCH = YES;
				SDKROOT = macosx;
				SWIFT_ACTIVE_COMPILATION_CONDITIONS = DEBUG;
				SWIFT_OPTIMIZATION_LEVEL = "-Onone";
				SWIFT_VERSION = 6.0;
			};
			name = Debug;
		};
		B10000000000000000000083 /* Release */ = {
			isa = XCBuildConfiguration;
			buildSettings = {
				ALWAYS_SEARCH_USER_PATHS = NO;
				CLANG_ANALYZER_NONNULL = YES;
				CLANG_ANALYZER_NUMBER_OBJECT_CONVERSION = YES_AGGRESSIVE;
				CLANG_CXX_LANGUAGE_STANDARD = "gnu++20";
				CLANG_ENABLE_MODULES = YES;
				CLANG_ENABLE_OBJC_ARC = YES;
				CLANG_ENABLE_OBJC_WEAK = YES;
				CLANG_WARN_BLOCK_CAPTURE_AUTORELEASING = YES;
				CLANG_WARN_BOOL_CONVERSION = YES;
				CLANG_WARN_COMMA = YES;
				CLANG_WARN_CONSTANT_CONVERSION = YES;
				CLANG_WARN_DEPRECATED_OBJC_IMPLEMENTATIONS = YES;
				CLANG_WARN_DIRECT_OBJC_ISA_USAGE = YES_ERROR;
				CLANG_WARN_DOCUMENTATION_COMMENTS = YES;
				CLANG_WARN_EMPTY_BODY = YES;
				CLANG_WARN_ENUM_CONVERSION = YES;
				CLANG_WARN_INFINITE_RECURSION = YES;
				CLANG_WARN_INT_CONVERSION = YES;
				CLANG_WARN_NON_LITERAL_NULL_CONVERSION = YES;
				CLANG_WARN_OBJC_IMPLICIT_RETAIN_SELF = YES;
				CLANG_WARN_OBJC_LITERAL_CONVERSION = YES;
				CLANG_WARN_OBJC_ROOT_CLASS = YES_ERROR;
				CLANG_WARN_QUOTED_INCLUDE_IN_FRAMEWORK_HEADER = YES;
				CLANG_WARN_RANGE_LOOP_ANALYSIS = YES;
				CLANG_WARN_STRICT_PROTOTYPES = YES;
				CLANG_WARN_SUSPICIOUS_MOVE = YES;
				CLANG_WARN_UNGUARDED_AVAILABILITY = YES_AGGRESSIVE;
				CLANG_WARN_UNREACHABLE_CODE = YES;
				CLANG_WARN__DUPLICATE_METHOD_MATCH = YES;
				COPY_PHASE_STRIP = NO;
				DEBUG_INFORMATION_FORMAT = "dwarf-with-dsym";
				ENABLE_NS_ASSERTIONS = NO;
				ENABLE_STRICT_OBJC_MSGSEND = YES;
				GCC_C_LANGUAGE_STANDARD = gnu17;
				GCC_NO_COMMON_BLOCKS = YES;
				GCC_WARN_64_TO_32_BIT_CONVERSION = YES;
				GCC_WARN_ABOUT_RETURN_TYPE = YES_ERROR;
				GCC_WARN_UNDECLARED_SELECTOR = YES;
				GCC_WARN_UNINITIALIZED_AUTOS = YES_AGGRESSIVE;
				GCC_WARN_UNUSED_FUNCTION = YES;
				GCC_WARN_UNUSED_VARIABLE = YES;
				MACOSX_DEPLOYMENT_TARGET = 14.0;
				MTL_ENABLE_DEBUG_INFO = NO;
				MTL_FAST_MATH = YES;
				SDKROOT = macosx;
				SWIFT_COMPILATION_MODE = wholemodule;
				SWIFT_OPTIMIZATION_LEVEL = "-O";
				SWIFT_VERSION = 6.0;
			};
			name = Release;
		};
		B10000000000000000000084 /* Debug */ = {
			isa = XCBuildConfiguration;
			buildSettings = {
				CODE_SIGN_STYLE = Automatic;
				COMBINE_HIDPI_IMAGES = YES;
				CURRENT_PROJECT_VERSION = 1;
				ENABLE_HARDENED_RUNTIME = YES;
				GENERATE_INFOPLIST_FILE = YES;
				INFOPLIST_KEY_CFBundleDisplayName = Monty;
				INFOPLIST_KEY_LSApplicationCategoryType = "public.app-category.games";
				LD_RUNPATH_SEARCH_PATHS = (
					"$(inherited)",
					"@executable_path/../Frameworks",
				);
				MARKETING_VERSION = 0.1;
				PRODUCT_BUNDLE_IDENTIFIER = com.barbalet.monty;
				PRODUCT_NAME = Monty;
				SWIFT_VERSION = 6.0;
			};
			name = Debug;
		};
		B10000000000000000000085 /* Release */ = {
			isa = XCBuildConfiguration;
			buildSettings = {
				CODE_SIGN_STYLE = Automatic;
				COMBINE_HIDPI_IMAGES = YES;
				CURRENT_PROJECT_VERSION = 1;
				ENABLE_HARDENED_RUNTIME = YES;
				GENERATE_INFOPLIST_FILE = YES;
				INFOPLIST_KEY_CFBundleDisplayName = Monty;
				INFOPLIST_KEY_LSApplicationCategoryType = "public.app-category.games";
				LD_RUNPATH_SEARCH_PATHS = (
					"$(inherited)",
					"@executable_path/../Frameworks",
				);
				MARKETING_VERSION = 0.1;
				PRODUCT_BUNDLE_IDENTIFIER = com.barbalet.monty;
				PRODUCT_NAME = Monty;
				SWIFT_VERSION = 6.0;
			};
			name = Release;
		};
		B20000000000000000000084 /* Debug */ = {
			isa = XCBuildConfiguration;
			buildSettings = {
				CODE_SIGN_STYLE = Automatic;
				CURRENT_PROJECT_VERSION = 1;
				GENERATE_INFOPLIST_FILE = YES;
				LD_RUNPATH_SEARCH_PATHS = (
					"$(inherited)",
					"@loader_path/../Frameworks",
					"@executable_path/../Frameworks",
				);
				MACOSX_DEPLOYMENT_TARGET = 14.0;
				PRODUCT_BUNDLE_IDENTIFIER = com.barbalet.monty.tests;
				PRODUCT_NAME = MontyTests;
				SWIFT_VERSION = 6.0;
			};
			name = Debug;
		};
		B20000000000000000000085 /* Release */ = {
			isa = XCBuildConfiguration;
			buildSettings = {
				CODE_SIGN_STYLE = Automatic;
				CURRENT_PROJECT_VERSION = 1;
				GENERATE_INFOPLIST_FILE = YES;
				LD_RUNPATH_SEARCH_PATHS = (
					"$(inherited)",
					"@loader_path/../Frameworks",
					"@executable_path/../Frameworks",
				);
				MACOSX_DEPLOYMENT_TARGET = 14.0;
				PRODUCT_BUNDLE_IDENTIFIER = com.barbalet.monty.tests;
				PRODUCT_NAME = MontyTests;
				SWIFT_VERSION = 6.0;
			};
			name = Release;
		};
		B30000000000000000000084 /* Debug */ = {
			isa = XCBuildConfiguration;
			buildSettings = {
				CODE_SIGN_STYLE = Automatic;
				COMBINE_HIDPI_IMAGES = YES;
				CURRENT_PROJECT_VERSION = 1;
				ENABLE_HARDENED_RUNTIME = YES;
				GENERATE_INFOPLIST_FILE = YES;
				INFOPLIST_KEY_CFBundleDisplayName = MontyTest;
				INFOPLIST_KEY_LSApplicationCategoryType = "public.app-category.developer-tools";
				LD_RUNPATH_SEARCH_PATHS = (
					"$(inherited)",
					"@executable_path/../Frameworks",
				);
				MARKETING_VERSION = 0.1;
				PRODUCT_BUNDLE_IDENTIFIER = "com.barbalet.monty-test";
				PRODUCT_NAME = MontyTest;
				SWIFT_VERSION = 6.0;
			};
			name = Debug;
		};
		B30000000000000000000085 /* Release */ = {
			isa = XCBuildConfiguration;
			buildSettings = {
				CODE_SIGN_STYLE = Automatic;
				COMBINE_HIDPI_IMAGES = YES;
				CURRENT_PROJECT_VERSION = 1;
				ENABLE_HARDENED_RUNTIME = YES;
				GENERATE_INFOPLIST_FILE = YES;
				INFOPLIST_KEY_CFBundleDisplayName = MontyTest;
				INFOPLIST_KEY_LSApplicationCategoryType = "public.app-category.developer-tools";
				LD_RUNPATH_SEARCH_PATHS = (
					"$(inherited)",
					"@executable_path/../Frameworks",
				);
				MARKETING_VERSION = 0.1;
				PRODUCT_BUNDLE_IDENTIFIER = "com.barbalet.monty-test";
				PRODUCT_NAME = MontyTest;
				SWIFT_VERSION = 6.0;
			};
			name = Release;
		};
/* End XCBuildConfiguration section */

/* Begin XCConfigurationList section */
		B10000000000000000000080 /* Build configuration list for PBXProject "Monty" */ = {
			isa = XCConfigurationList;
			buildConfigurations = (
				B10000000000000000000082 /* Debug */,
				B10000000000000000000083 /* Release */,
			);
			defaultConfigurationIsVisible = 0;
			defaultConfigurationName = Release;
		};
		B10000000000000000000081 /* Build configuration list for PBXNativeTarget "Monty" */ = {
			isa = XCConfigurationList;
			buildConfigurations = (
				B10000000000000000000084 /* Debug */,
				B10000000000000000000085 /* Release */,
			);
			defaultConfigurationIsVisible = 0;
			defaultConfigurationName = Release;
		};
		B20000000000000000000081 /* Build configuration list for PBXNativeTarget "MontyTests" */ = {
			isa = XCConfigurationList;
			buildConfigurations = (
				B20000000000000000000084 /* Debug */,
				B20000000000000000000085 /* Release */,
			);
			defaultConfigurationIsVisible = 0;
			defaultConfigurationName = Release;
		};
		B30000000000000000000081 /* Build configuration list for PBXNativeTarget "MontyTest" */ = {
			isa = XCConfigurationList;
			buildConfigurations = (
				B30000000000000000000084 /* Debug */,
				B30000000000000000000085 /* Release */,
			);
			defaultConfigurationIsVisible = 0;
			defaultConfigurationName = Release;
		};
/* End XCConfigurationList section */

/* Begin XCLocalSwiftPackageReference section */
		B10000000000000000000070 /* XCLocalSwiftPackageReference "." */ = {
			isa = XCLocalSwiftPackageReference;
			relativePath = .;
		};
/* End XCLocalSwiftPackageReference section */

/* Begin XCSwiftPackageProductDependency section */
		B10000000000000000000071 /* MontyCore */ = {
			isa = XCSwiftPackageProductDependency;
			package = B10000000000000000000070 /* XCLocalSwiftPackageReference "." */;
			productName = MontyCore;
		};
		B10000000000000000000072 /* MontyAppUI */ = {
			isa = XCSwiftPackageProductDependency;
			package = B10000000000000000000070 /* XCLocalSwiftPackageReference "." */;
			productName = MontyAppUI;
		};
/* End XCSwiftPackageProductDependency section */
	};
	rootObject = B10000000000000000000002 /* Project object */;
}
